schema: '2.0'
stages:
  train:
    cmd: python3 src/train.py
    deps:
    - path: data
      md5: 687552951726b99c2eee15d29b4ccf0e.dir
      size: 17397976
      nfiles: 3
    - path: src
      md5: 0c7da350f7c9cc4503d629004a024539.dir
      size: 13797
      nfiles: 4
    params:
      params.yaml:
        model:
          conv_units: 24
        train:
          epochs: 10
    outs:
    - path: dvclive/metrics.json
      md5: a08dcb98127eb2a7e8036025be885833
      size: 203
    - path: dvclive/plots
      md5: eb496b70dfc4934f1ed585686e92b6a1.dir
      size: 918
      nfiles: 4
    - path: models
      md5: 3987025d5f0f96bc80fcdd351ffd585c.dir
      size: 6287216
      nfiles: 1
    - path: plots
      md5: f1188b7901a766e97144c2e024d2595c.dir
      size: 71990
      nfiles: 2
