schema: '2.0'
stages:
  train:
    cmd: python3 src/train.py
    deps:
    - path: data
      md5: 687552951726b99c2eee15d29b4ccf0e.dir
      size: 17397976
      nfiles: 3
    - path: src
      md5: 0c7da350f7c9cc4503d629004a024539.dir
      size: 13797
      nfiles: 4
    params:
      params.yaml:
        model:
          conv_units: 24
        train:
          epochs: 5
    outs:
    - path: dvclive/metrics.json
      md5: b7ae95c6a89cda62f44528cd8edf3950
      size: 201
    - path: dvclive/plots
      md5: 72078bb3a120c97f4257c350f7759366.dir
      size: 489
      nfiles: 4
    - path: models
      md5: cc3b059e6df8681ca9077caa55a17777.dir
      size: 6287216
      nfiles: 1
    - path: plots
      md5: f56cffb34f5dea0493e7a6bd87646f9e.dir
      size: 69524
      nfiles: 2
