schema: '2.0'
stages:
  train:
    cmd: python3 src/train.py
    deps:
    - path: data
      md5: 687552951726b99c2eee15d29b4ccf0e.dir
      size: 17397976
      nfiles: 3
    - path: src
      md5: 0c7da350f7c9cc4503d629004a024539.dir
      size: 13797
      nfiles: 4
    params:
      params.yaml:
        model:
          conv_units: 24
        train:
          epochs: 3
    outs:
    - path: dvclive/metrics.json
      md5: 05f296addd5d12c66fd255fa8897b06a
      size: 203
    - path: dvclive/plots
      md5: 94aa1989deeb39649e35f38c16d9da9c.dir
      size: 318
      nfiles: 4
    - path: models
      md5: 7a17381853dcff274664a16719b83da5.dir
      size: 6287216
      nfiles: 1
    - path: plots
      md5: 46337d0e205dd7fb60e9a9d683acdd9e.dir
      size: 73228
      nfiles: 2
